
Microsoft Visual Studio Solution File, Format Version 12.00
# Visual Studio 15
VisualStudioVersion = 15.0.27004.2002
MinimumVisualStudioVersion = 10.0.40219.1
Project("{FAE04EC0-301F-11D3-BF4B-00C04F79EFBC}") = "Chapter10_Collection", "Chapter10_Collection\Chapter10_Collection.csproj", "{037A4750-E4D1-42A7-91F1-FCFBBA265A76}"
EndProject
Project("{FAE04EC0-301F-11D3-BF4B-00C04F79EFBC}") = "Chapter11_ProCsharp", "Chapter11_ProCsharp\Chapter11_ProCsharp.csproj", "{3924C582-FDA9-4140-8950-C44787213E3A}"
EndProject
Project("{2150E333-8FDC-42A3-9474-1A3956D46DE8}") = "Chapter13", "Chapter13", "{01A3BD78-76C7-4ED1-B5CC-EA477DDABF2E}"
EndProject
Project("{FAE04EC0-301F-11D3-BF4B-00C04F79EFBC}") = "Chapter13_AsyncLib", "Chapter3_AsyncLib\Chapter13_AsyncLib.csproj", "{89AFD33E-ED2E-48A9-A7D2-2FD4F31739ED}"
EndProject
Project("{FAE04EC0-301F-11D3-BF4B-00C04F79EFBC}") = "Chapter13_AsyncPatterns", "Chapter13_AsyncPatterns\Chapter13_AsyncPatterns.csproj", "{F6746943-A99C-4D66-B872-EC4CD4B6B471}"
EndProject
Project("{2150E333-8FDC-42A3-9474-1A3956D46DE8}") = "Chapter10", "Chapter10", "{F412E9F8-35FC-4CC5-83F1-50AFDC1CC0A4}"
EndProject
Project("{2150E333-8FDC-42A3-9474-1A3956D46DE8}") = "Chapter11", "Chapter11", "{6F1A4650-8DF4-4EE7-BCAA-883FCF6C5371}"
EndProject
Project("{FAE04EC0-301F-11D3-BF4B-00C04F79EFBC}") = "Chapter13_Foundations", "Chapter13_Foundations\Chapter13_Foundations.csproj", "{2B56E6DC-4F03-4892-B6C3-B40E29B97DD0}"
EndProject
Project("{2150E333-8FDC-42A3-9474-1A3956D46DE8}") = "Chapter15", "Chapter15", "{369A7208-547C-4361-A545-1D69EFE457AC}"
EndProject
Project("{FAE04EC0-301F-11D3-BF4B-00C04F79EFBC}") = "Chapter15_ReflectionLib", "Chapter15_ReflectionLib\Chapter15_ReflectionLib.csproj", "{5689777D-2D0C-47B8-B266-992C65433539}"
EndProject
Project("{FAE04EC0-301F-11D3-BF4B-00C04F79EFBC}") = "Chapter15_VectorLib", "Chapter15_VectorLib\Chapter15_VectorLib.csproj", "{4E571BB2-BB32-4D46-BD85-B65D50A2D56B}"
EndProject
Project("{FAE04EC0-301F-11D3-BF4B-00C04F79EFBC}") = "Chapter15_LookUpWhatsNew", "Chapter15_LookUpWhatsNew\Chapter15_LookUpWhatsNew.csproj", "{4CC04BAC-0BA2-45EC-A1D3-963E72B57FE4}"
EndProject
Project("{2150E333-8FDC-42A3-9474-1A3956D46DE8}") = "Chapter21", "Chapter21", "{76105DF7-96CA-47B8-9344-9EFAD917F5C2}"
EndProject
Project("{FAE04EC0-301F-11D3-BF4B-00C04F79EFBC}") = "Chapter21_ParallelSample", "Chapter21_ParallelSample\Chapter21_ParallelSample.csproj", "{71FC3302-A3D8-4D1A-977A-61F0F7D72AAD}"
EndProject
Project("{2150E333-8FDC-42A3-9474-1A3956D46DE8}") = "Chapter22", "Chapter22", "{0A2B954E-242C-4623-AE7C-543E12078DBC}"
EndProject
Project("{FAE04EC0-301F-11D3-BF4B-00C04F79EFBC}") = "Chapter22_Security", "Chapter22_Security\Chapter22_Security.csproj", "{96ABD975-CB85-48F8-893B-BE0946A24618}"
EndProject
Project("{2150E333-8FDC-42A3-9474-1A3956D46DE8}") = "Chapter24", "Chapter24", "{4312F8D0-7AD8-4EAD-8732-527719D8A292}"
EndProject
Project("{FAE04EC0-301F-11D3-BF4B-00C04F79EFBC}") = "Chapter24_FilePropertiesSample", "Chapter24_FilePropertiesSample\Chapter24_FilePropertiesSample.csproj", "{847A3001-8551-4595-B9EB-7CB02C06A824}"
EndProject
Project("{FAE04EC0-301F-11D3-BF4B-00C04F79EFBC}") = "Chapter24_ReadAndWriterFile", "Chapter24_ReadAndWriterFile\Chapter24_ReadAndWriterFile.csproj", "{6A171A23-3BD9-462E-B90B-074352071149}"
EndProject
Project("{2150E333-8FDC-42A3-9474-1A3956D46DE8}") = "Chapter25", "Chapter25", "{6BC49BAB-B953-441C-91F2-F0D9F46BE810}"
EndProject
Project("{FAE04EC0-301F-11D3-BF4B-00C04F79EFBC}") = "Chapter25_Datalib", "Chapter25_Datalib\Chapter25_Datalib.csproj", "{AC8D0036-F5EE-49F7-BD76-6DDC1B7828E7}"
EndProject
Project("{2150E333-8FDC-42A3-9474-1A3956D46DE8}") = "Chapter26", "Chapter26", "{1454854B-A59D-4F30-B1BE-617AB11E10FF}"
EndProject
Project("{9A19103F-16F7-4668-BE54-9A1E7A4F7556}") = "Chapter26_HttpClient", "Chapter26_HttpClient\Chapter26_HttpClient.csproj", "{12CB7CCB-6D53-4498-8299-A13BA805501C}"
EndProject
Project("{FAE04EC0-301F-11D3-BF4B-00C04F79EFBC}") = "Chapter26_HttpClientS", "Chapter_HttpClientS\Chapter26_HttpClientS.csproj", "{0DCB23A8-0F91-451A-9EAD-E39067EBF5BA}"
EndProject
Project("{2150E333-8FDC-42A3-9474-1A3956D46DE8}") = "Chapter27", "Chapter27", "{FB4F1FAB-1EB7-4A74-87B5-7EABEC229026}"
EndProject
Project("{FAE04EC0-301F-11D3-BF4B-00C04F79EFBC}") = "Chapter27_QuoteServer", "Chapter27_QuoteServer\Chapter27_QuoteServer.csproj", "{9C14E0D3-14C0-4690-8183-454D215D7ED8}"
EndProject
Project("{FAE04EC0-301F-11D3-BF4B-00C04F79EFBC}") = "Chapter27_TestQuoteServer", "Chapter27_TestQuoteServer\Chapter27_TestQuoteServer.csproj", "{5EBCB298-6DA7-4254-85F1-B3DC59516915}"
EndProject
Project("{FAE04EC0-301F-11D3-BF4B-00C04F79EFBC}") = "Chapter27_QuoteClient", "Chapter27_QuoteClient\Chapter27_QuoteClient.csproj", "{CCCA687B-106C-46DE-B109-BBC528DC8476}"
EndProject
Project("{2150E333-8FDC-42A3-9474-1A3956D46DE8}") = "Chapter28", "Chapter28", "{5418A340-78CC-4719-99D7-76634360371B}"
EndProject
Project("{9A19103F-16F7-4668-BE54-9A1E7A4F7556}") = "Chapter28_CultureInfo", "Chapter28_CultureInfo\Chapter28_CultureInfo.csproj", "{C1261F53-A640-427D-926D-220438B62D8E}"
EndProject
Project("{FAE04EC0-301F-11D3-BF4B-00C04F79EFBC}") = "Chapter28_CultureDemo", "Chapter28_CultureDemo\Chapter28_CultureDemo.csproj", "{E0C105D7-C6AD-4A8C-A33C-9B084BC34810}"
EndProject
Project("{FAE04EC0-301F-11D3-BF4B-00C04F79EFBC}") = "Chapter28_CreateResource", "Chapter28_CreateResource\Chapter28_CreateResource.csproj", "{DF917821-7967-4636-8E6B-21CC4903588F}"
EndProject
Project("{FAE04EC0-301F-11D3-BF4B-00C04F79EFBC}") = "Chapter28_ResourceDemo", "Chapter28_ResourceDemo\Chapter28_ResourceDemo.csproj", "{1F6479D2-22D0-4C6D-96DA-357A8D0AC758}"
EndProject
Project("{FAE04EC0-301F-11D3-BF4B-00C04F79EFBC}") = "Chapter28_Localization", "Chapter28_Localization\Chapter28_Localization.csproj", "{27E51F1B-CC84-42DA-BC5A-ECDE646F2AE2}"
EndProject
Project("{FAE04EC0-301F-11D3-BF4B-00C04F79EFBC}") = "Chapter28_CustomResource", "Chapter28_CustomResource\Chapter28_CustomResource.csproj", "{4A206955-FA29-4C98-9A37-7684EE077BD0}"
EndProject
Project("{2150E333-8FDC-42A3-9474-1A3956D46DE8}") = "Chapter29", "Chapter29", "{C8AE9A3C-15AD-4608-B8F2-990491D1E780}"
EndProject
Project("{FAE04EC0-301F-11D3-BF4B-00C04F79EFBC}") = "Chapter29_XAML", "Chapter29_XAML\Chapter29_XAML.csproj", "{EF62E5A2-C3B2-4713-9E1D-5EA8ABB19032}"
EndProject
Project("{2150E333-8FDC-42A3-9474-1A3956D46DE8}") = "Chapter30", "Chapter30", "{2434D488-7004-4F58-B08D-CF4B9A520610}"
EndProject
Project("{FAE04EC0-301F-11D3-BF4B-00C04F79EFBC}") = "Chapter30_SimpleCalculator", "Chapter30_SimpleCalculator\Chapter30_SimpleCalculator.csproj", "{B14F5E29-8128-4E1E-8E5B-5ACB8FE526D7}"
EndProject
Project("{FAE04EC0-301F-11D3-BF4B-00C04F79EFBC}") = "WPFCalculator", "WPFCalculator\WPFCalculator.csproj", "{D874C3B6-9032-4893-BF20-863DAE480711}"
EndProject
Project("{FAE04EC0-301F-11D3-BF4B-00C04F79EFBC}") = "Chapter30Lib_CalculatorContract", "Chapter30Lib_CalculatorContract\Chapter30Lib_CalculatorContract.csproj", "{EB8C6D18-3AB6-43A2-BDA0-0C445EAD4208}"
EndProject
Project("{FAE04EC0-301F-11D3-BF4B-00C04F79EFBC}") = "Chapter30_CalculatorUtils", "Chapter30_CalculatorUtils\Chapter30_CalculatorUtils.csproj", "{F86C424F-5C46-4982-BBA6-804317696557}"
EndProject
Project("{FAE04EC0-301F-11D3-BF4B-00C04F79EFBC}") = "Chapter30_FuelEconomy", "Chapter30_FuelEconomy\Chapter30_FuelEconomy.csproj", "{C7D7704B-F0EE-4E64-8F90-C718611AF051}"
EndProject
Project("{FAE04EC0-301F-11D3-BF4B-00C04F79EFBC}") = "Chapter30_TemperatureConversion", "Chapter30_TemperatureConversion\Chapter30_TemperatureConversion.csproj", "{4B4DD553-24EF-43ED-BCC2-4AE5416B3766}"
EndProject
Project("{2150E333-8FDC-42A3-9474-1A3956D46DE8}") = "Chapter31", "Chapter31", "{2C2DF22A-9B06-4A3A-B2C3-615CD0114BF7}"
EndProject
Project("{FAE04EC0-301F-11D3-BF4B-00C04F79EFBC}") = "Chapter31Lib_ADO.NET", "Chapter31Lib_ADO.NET\Chapter31Lib_ADO.NET.csproj", "{7ABD4041-FA3B-43EB-AA70-C2001D7A031B}"
EndProject
Project("{FAE04EC0-301F-11D3-BF4B-00C04F79EFBC}") = "Chapter31_ADONETDemo", "Chapter31_ADONETDemo\Chapter31_ADONETDemo.csproj", "{BF3526B7-2A10-408D-A739-A59951DA0358}"
EndProject
Project("{2150E333-8FDC-42A3-9474-1A3956D46DE8}") = "Chapter33_EF", "Chapter33_EF", "{FE3171D6-309F-4B4E-AA8E-6035A15B5F71}"
EndProject
Project("{FAE04EC0-301F-11D3-BF4B-00C04F79EFBC}") = "CodeFirstApp", "CodeFirstApp\CodeFirstApp.csproj", "{E438ADD8-215A-4130-99AB-D92CAB3ABFD8}"
EndProject
Project("{FAE04EC0-301F-11D3-BF4B-00C04F79EFBC}") = "UnitTestProject", "UnitTestProject\UnitTestProject.csproj", "{92351FA6-E513-4543-A551-E274D2752EB2}"
EndProject
Project("{FAE04EC0-301F-11D3-BF4B-00C04F79EFBC}") = "CodeFirstDemo", "CodeFirstDemo\CodeFirstDemo.csproj", "{665A1CE6-B7FE-4785-A0EA-4BBFD07293B4}"
EndProject
Project("{FAE04EC0-301F-11D3-BF4B-00C04F79EFBC}") = "Chapter33_Concurrent", "Chapter33_Concurrent\Chapter33_Concurrent.csproj", "{90C4FA7C-4237-4195-8BD3-9885DE98969D}"
EndProject
Project("{FAE04EC0-301F-11D3-BF4B-00C04F79EFBC}") = "Chapter33_Data", "Chapter33_Data\Chapter33_Data.csproj", "{A4ECDE72-52B9-4A02-87F8-71F99C902C5D}"
EndProject
Project("{FAE04EC0-301F-11D3-BF4B-00C04F79EFBC}") = "Chapter33_DataMigration", "Chapter33_DataMigration\Chapter33_DataMigration.csproj", "{B4E7ABE8-5D67-42B9-B9FC-6D13057CE9FC}"
EndProject
Project("{FAE04EC0-301F-11D3-BF4B-00C04F79EFBC}") = "Chapter33_BlogLib", "Chapter33_BlogLib\Chapter33_BlogLib.csproj", "{E0FCFD7A-8E80-4C62-9AB2-EA6C4CFA1E51}"
EndProject
Project("{FAE04EC0-301F-11D3-BF4B-00C04F79EFBC}") = "Chapter33_BlogDal", "Chapter33_BlogDal\Chapter33_BlogDal.csproj", "{78D38916-70BC-4E51-8AB3-85C18DFC3928}"
EndProject
Project("{FAE04EC0-301F-11D3-BF4B-00C04F79EFBC}") = "Chapter33_BlogWep", "Chapter33_BlogWep\Chapter33_BlogWep.csproj", "{610E50AF-43F3-41B9-B6F6-E590B1C4BE70}"
EndProject
Project("{2150E333-8FDC-42A3-9474-1A3956D46DE8}") = "Chapter34_Xml", "Chapter34_Xml", "{19C8A9B1-441D-438F-83E1-99F96A218920}"
EndProject
Project("{FAE04EC0-301F-11D3-BF4B-00C04F79EFBC}") = "Chapter34_XmlReader", "Chapter34_XmlReader\Chapter34_XmlReader.csproj", "{EBD0F326-CAE1-447F-911A-783FA8DB78D1}"
EndProject
Project("{FAE04EC0-301F-11D3-BF4B-00C04F79EFBC}") = "Chapter34_XmlADO", "Chapter34_XmlADO\Chapter34_XmlADO.csproj", "{F2DA08A9-A257-4AFB-83E4-1AE65BAA56BB}"
EndProject
Project("{FAE04EC0-301F-11D3-BF4B-00C04F79EFBC}") = "Chapter34_XDocument", "Chapter34_XDocument\Chapter34_XDocument.csproj", "{800F15A1-680E-4BBA-8DD6-5476FCF7DB3D}"
EndProject
Project("{FAE04EC0-301F-11D3-BF4B-00C04F79EFBC}") = "Chapter34_LinqToXml", "Chapter34_LinqToXml\Chapter34_LinqToXml.csproj", "{630D59BF-6DFE-4253-B848-F177D2003224}"
EndProject
Project("{2150E333-8FDC-42A3-9474-1A3956D46DE8}") = "Chapter35_Wpf", "Chapter35_Wpf", "{99C6C5EE-6CB3-4BB4-A13D-44DAA252BEC9}"
EndProject
Project("{FAE04EC0-301F-11D3-BF4B-00C04F79EFBC}") = "Chapter35_ShapesDemo", "Chapter35_ShapesDemo\Chapter35_ShapesDemo.csproj", "{3D934CA9-9FCE-451B-BC0D-5C006A62584D}"
EndProject
Project("{2150E333-8FDC-42A3-9474-1A3956D46DE8}") = "Chapter43_Wcf", "Chapter43_Wcf", "{09378118-F442-47BA-9B9A-A34AE763DAB2}"
EndProject
Project("{FAE04EC0-301F-11D3-BF4B-00C04F79EFBC}") = "Chapter43_RoomReservationContracts", "Chapter43_RoomReservationContracts\Chapter43_RoomReservationContracts.csproj", "{E6AA24BD-D486-4E6B-A553-C8A86061558C}"
EndProject
Project("{FAE04EC0-301F-11D3-BF4B-00C04F79EFBC}") = "Cahpter43_RoomReservationData", "Cahpter43_RoomReservationData\Cahpter43_RoomReservationData.csproj", "{58D39353-D173-41F6-A036-99FC492DC129}"
EndProject
Project("{FAE04EC0-301F-11D3-BF4B-00C04F79EFBC}") = "Chapter43_RoomReservationService", "Chapter43_RoomReservationService\Chapter43_RoomReservationService.csproj", "{E41A46E3-0339-4C2F-A5F7-8236CE6AC6E6}"
EndProject
Project("{FAE04EC0-301F-11D3-BF4B-00C04F79EFBC}") = "Chapter43_RoomRservationServiceHost", "Chapter43_RoomRservationServiceHost\Chapter43_RoomRservationServiceHost.csproj", "{56628B67-7262-4434-BFC4-E82665CECC7D}"
EndProject
Project("{FAE04EC0-301F-11D3-BF4B-00C04F79EFBC}") = "Chapter43_RoomServiceClientForm", "Chapter43_RoomServiceClientForm\Chapter43_RoomServiceClientForm.csproj", "{33EFEFEA-1B15-49FB-AF34-DA163AFAE7FA}"
EndProject
Project("{FAE04EC0-301F-11D3-BF4B-00C04F79EFBC}") = "Chapter43_WebSocketSample", "Chapter43_WebSocketSample\Chapter43_WebSocketSample.csproj", "{92343E01-9245-45ED-A720-AA4C68902E58}"
EndProject
Project("{FAE04EC0-301F-11D3-BF4B-00C04F79EFBC}") = "Chapter43_WebSocketSampleClient", "Chapter43_WebSocketSampleClient\Chapter43_WebSocketSampleClient.csproj", "{BA59B4C8-E57B-4164-96F4-F087B772AF80}"
	ProjectSection(ProjectDependencies) = postProject
		{92343E01-9245-45ED-A720-AA4C68902E58} = {92343E01-9245-45ED-A720-AA4C68902E58}
	EndProjectSection
EndProject
Project("{2150E333-8FDC-42A3-9474-1A3956D46DE8}") = "DuplexCommunication", "DuplexCommunication", "{688269E2-4330-42FB-A5A6-0CFB77A1AA1C}"
EndProject
Project("{FAE04EC0-301F-11D3-BF4B-00C04F79EFBC}") = "MessageService", "MessageService\MessageService.csproj", "{AC6CBF8B-6EA0-4C2F-9005-A9910A253C0D}"
EndProject
Project("{FAE04EC0-301F-11D3-BF4B-00C04F79EFBC}") = "MessageClient", "MessageClient\MessageClient.csproj", "{CE3570F8-DA26-4140-9B40-FE1417BC552C}"
EndProject
Project("{FAE04EC0-301F-11D3-BF4B-00C04F79EFBC}") = "MessageHost", "MessageHost\MessageHost.csproj", "{0ABF268B-9D50-4C5D-A68A-BD0DF4A98998}"
EndProject
Project("{2150E333-8FDC-42A3-9474-1A3956D46DE8}") = "RoutingService", "RoutingService", "{08835643-4FB7-4CE4-AA1A-49688DDC6882}"
EndProject
Project("{FAE04EC0-301F-11D3-BF4B-00C04F79EFBC}") = "Router", "Router\Router.csproj", "{95555AB8-D362-4D09-957F-8DAC927B1167}"
EndProject
Project("{FAE04EC0-301F-11D3-BF4B-00C04F79EFBC}") = "HostOne", "HostOne\HostOne.csproj", "{9AA354D8-4B2A-4E37-9AC8-C785C89A4AD6}"
EndProject
Project("{FAE04EC0-301F-11D3-BF4B-00C04F79EFBC}") = "HostTwo", "HostTwo\HostTwo.csproj", "{A7BA5737-26F2-407E-A0DB-2E91C8111F65}"
EndProject
Project("{FAE04EC0-301F-11D3-BF4B-00C04F79EFBC}") = "ClientApp", "ClientApp\ClientApp.csproj", "{7209D744-9880-4E07-8351-77875F6FE979}"
	ProjectSection(ProjectDependencies) = postProject
		{F4C01313-0900-4D1B-862D-DD3791645332} = {F4C01313-0900-4D1B-862D-DD3791645332}
	EndProjectSection
EndProject
Project("{FAE04EC0-301F-11D3-BF4B-00C04F79EFBC}") = "DemoService", "DemoService\DemoService.csproj", "{F4C01313-0900-4D1B-862D-DD3791645332}"
EndProject
Project("{2150E333-8FDC-42A3-9474-1A3956D46DE8}") = "Chapter44_WebAPI", "Chapter44_WebAPI", "{0A8588C5-1724-4CEB-8471-3464A13C35ED}"
EndProject
Project("{FAE04EC0-301F-11D3-BF4B-00C04F79EFBC}") = "BookServiceSample", "BookServiceSample\BookServiceSample.csproj", "{480C6A97-33D5-49F5-9774-735A47F78D14}"
EndProject
Project("{2150E333-8FDC-42A3-9474-1A3956D46DE8}") = "BookService", "BookService", "{DE601C1A-95D4-4565-8CDD-750FD06C4753}"
EndProject
Project("{FAE04EC0-301F-11D3-BF4B-00C04F79EFBC}") = "BookClient", "BookClient\BookClient.csproj", "{CECF8A26-4984-4677-97B8-2BE6D397726B}"
EndProject
Project("{2150E333-8FDC-42A3-9474-1A3956D46DE8}") = "SecureWebAPI", "SecureWebAPI", "{0D48CE89-7B4D-41D1-9F76-47BFCC329E28}"
EndProject
Project("{FAE04EC0-301F-11D3-BF4B-00C04F79EFBC}") = "SecureWebAPISample", "SecureWebAPISample\SecureWebAPISample.csproj", "{D801C5A6-7F7A-4831-8272-E598567518FD}"
EndProject
Project("{FAE04EC0-301F-11D3-BF4B-00C04F79EFBC}") = "SecureClient", "SecureClient\SecureClient.csproj", "{29A9B46F-D2A8-4D46-8FAA-63E962D7AB4C}"
EndProject
Project("{2150E333-8FDC-42A3-9474-1A3956D46DE8}") = "Chapter47_Queue", "Chapter47_Queue", "{511E3C34-7E7F-47DC-B106-77FAD8BC97B0}"
EndProject
Project("{2150E333-8FDC-42A3-9474-1A3956D46DE8}") = "WorkingWithQueues", "WorkingWithQueues", "{A56469F4-DC2D-4BF4-891F-E42D47304536}"
EndProject
Project("{FAE04EC0-301F-11D3-BF4B-00C04F79EFBC}") = "CreateMessageQueue", "CreateMessageQueue\CreateMessageQueue.csproj", "{90D5B231-D560-48AB-A93E-9E09BB7E9222}"
EndProject
Project("{2150E333-8FDC-42A3-9474-1A3956D46DE8}") = "CourseOrderApplication", "CourseOrderApplication", "{AC084FA6-6AA9-403E-98FC-ACC37ADC4FD4}"
EndProject
Project("{FAE04EC0-301F-11D3-BF4B-00C04F79EFBC}") = "CourseOrder", "CourseOrder\CourseOrder.csproj", "{981E0623-FCE0-48F8-90E8-8DDE65AF0A79}"
EndProject
Project("{FAE04EC0-301F-11D3-BF4B-00C04F79EFBC}") = "CourseOrderWindow", "CourseOrderWindow\CourseOrderWindow.csproj", "{315D97C0-207B-45AF-81C7-6C27ADEE2AC4}"
EndProject
Project("{FAE04EC0-301F-11D3-BF4B-00C04F79EFBC}") = "CourseOrderReceiver", "CourseOrderReceiver\CourseOrderReceiver.csproj", "{1C0BCB97-28E0-4617-97E1-4628C054CB1D}"
EndProject
Project("{2150E333-8FDC-42A3-9474-1A3956D46DE8}") = "CourseOrderApplicationWcf", "CourseOrderApplicationWcf", "{72FBCF78-2C1C-4C62-BC9C-F7BB3E06B593}"
EndProject
Project("{FAE04EC0-301F-11D3-BF4B-00C04F79EFBC}") = "CourseOrderWcf", "CourseOrderWcf\CourseOrderWcf.csproj", "{C894B85C-B5A8-48C2-A6AD-05597A5BC1AB}"
EndProject
Project("{FAE04EC0-301F-11D3-BF4B-00C04F79EFBC}") = "CourseOrderServiceContract", "CourseOrderServiceContract\CourseOrderServiceContract.csproj", "{3231660D-04AB-4E20-8849-7CF112A39A23}"
EndProject
Project("{FAE04EC0-301F-11D3-BF4B-00C04F79EFBC}") = "CourseOrderHost", "CourseOrderHost\CourseOrderHost.csproj", "{E730EA0F-2D34-4AC1-A0D5-50B53DC261B7}"
EndProject
Project("{FAE04EC0-301F-11D3-BF4B-00C04F79EFBC}") = "CourseOrderReceiverWcf", "CourseOrderReceiverWcf\CourseOrderReceiverWcf.csproj", "{1F9E60FA-4EDC-441A-8413-F6AA3B7CDDAA}"
EndProject
Project("{FAE04EC0-301F-11D3-BF4B-00C04F79EFBC}") = "CourseOrderSenderWcf", "CourseOrderSenderWcf\CourseOrderSenderWcf.csproj", "{F1E9E4F4-B995-4AD1-86CC-7C976400BFDA}"
EndProject
Global
	GlobalSection(SolutionConfigurationPlatforms) = preSolution
		Debug|Any CPU = Debug|Any CPU
		Release|Any CPU = Release|Any CPU
	EndGlobalSection
	GlobalSection(ProjectConfigurationPlatforms) = postSolution
		{037A4750-E4D1-42A7-91F1-FCFBBA265A76}.Debug|Any CPU.ActiveCfg = Debug|Any CPU
		{037A4750-E4D1-42A7-91F1-FCFBBA265A76}.Debug|Any CPU.Build.0 = Debug|Any CPU
		{037A4750-E4D1-42A7-91F1-FCFBBA265A76}.Release|Any CPU.ActiveCfg = Release|Any CPU
		{037A4750-E4D1-42A7-91F1-FCFBBA265A76}.Release|Any CPU.Build.0 = Release|Any CPU
		{3924C582-FDA9-4140-8950-C44787213E3A}.Debug|Any CPU.ActiveCfg = Debug|Any CPU
		{3924C582-FDA9-4140-8950-C44787213E3A}.Debug|Any CPU.Build.0 = Debug|Any CPU
		{3924C582-FDA9-4140-8950-C44787213E3A}.Release|Any CPU.ActiveCfg = Release|Any CPU
		{3924C582-FDA9-4140-8950-C44787213E3A}.Release|Any CPU.Build.0 = Release|Any CPU
		{89AFD33E-ED2E-48A9-A7D2-2FD4F31739ED}.Debug|Any CPU.ActiveCfg = Debug|Any CPU
		{89AFD33E-ED2E-48A9-A7D2-2FD4F31739ED}.Debug|Any CPU.Build.0 = Debug|Any CPU
		{89AFD33E-ED2E-48A9-A7D2-2FD4F31739ED}.Release|Any CPU.ActiveCfg = Release|Any CPU
		{89AFD33E-ED2E-48A9-A7D2-2FD4F31739ED}.Release|Any CPU.Build.0 = Release|Any CPU
		{F6746943-A99C-4D66-B872-EC4CD4B6B471}.Debug|Any CPU.ActiveCfg = Debug|Any CPU
		{F6746943-A99C-4D66-B872-EC4CD4B6B471}.Debug|Any CPU.Build.0 = Debug|Any CPU
		{F6746943-A99C-4D66-B872-EC4CD4B6B471}.Release|Any CPU.ActiveCfg = Release|Any CPU
		{F6746943-A99C-4D66-B872-EC4CD4B6B471}.Release|Any CPU.Build.0 = Release|Any CPU
		{2B56E6DC-4F03-4892-B6C3-B40E29B97DD0}.Debug|Any CPU.ActiveCfg = Debug|Any CPU
		{2B56E6DC-4F03-4892-B6C3-B40E29B97DD0}.Debug|Any CPU.Build.0 = Debug|Any CPU
		{2B56E6DC-4F03-4892-B6C3-B40E29B97DD0}.Release|Any CPU.ActiveCfg = Release|Any CPU
		{2B56E6DC-4F03-4892-B6C3-B40E29B97DD0}.Release|Any CPU.Build.0 = Release|Any CPU
		{5689777D-2D0C-47B8-B266-992C65433539}.Debug|Any CPU.ActiveCfg = Debug|Any CPU
		{5689777D-2D0C-47B8-B266-992C65433539}.Debug|Any CPU.Build.0 = Debug|Any CPU
		{5689777D-2D0C-47B8-B266-992C65433539}.Release|Any CPU.ActiveCfg = Release|Any CPU
		{5689777D-2D0C-47B8-B266-992C65433539}.Release|Any CPU.Build.0 = Release|Any CPU
		{4E571BB2-BB32-4D46-BD85-B65D50A2D56B}.Debug|Any CPU.ActiveCfg = Debug|Any CPU
		{4E571BB2-BB32-4D46-BD85-B65D50A2D56B}.Debug|Any CPU.Build.0 = Debug|Any CPU
		{4E571BB2-BB32-4D46-BD85-B65D50A2D56B}.Release|Any CPU.ActiveCfg = Release|Any CPU
		{4E571BB2-BB32-4D46-BD85-B65D50A2D56B}.Release|Any CPU.Build.0 = Release|Any CPU
		{4CC04BAC-0BA2-45EC-A1D3-963E72B57FE4}.Debug|Any CPU.ActiveCfg = Debug|Any CPU
		{4CC04BAC-0BA2-45EC-A1D3-963E72B57FE4}.Debug|Any CPU.Build.0 = Debug|Any CPU
		{4CC04BAC-0BA2-45EC-A1D3-963E72B57FE4}.Release|Any CPU.ActiveCfg = Release|Any CPU
		{4CC04BAC-0BA2-45EC-A1D3-963E72B57FE4}.Release|Any CPU.Build.0 = Release|Any CPU
		{71FC3302-A3D8-4D1A-977A-61F0F7D72AAD}.Debug|Any CPU.ActiveCfg = Debug|Any CPU
		{71FC3302-A3D8-4D1A-977A-61F0F7D72AAD}.Debug|Any CPU.Build.0 = Debug|Any CPU
		{71FC3302-A3D8-4D1A-977A-61F0F7D72AAD}.Release|Any CPU.ActiveCfg = Release|Any CPU
		{71FC3302-A3D8-4D1A-977A-61F0F7D72AAD}.Release|Any CPU.Build.0 = Release|Any CPU
		{96ABD975-CB85-48F8-893B-BE0946A24618}.Debug|Any CPU.ActiveCfg = Debug|Any CPU
		{96ABD975-CB85-48F8-893B-BE0946A24618}.Debug|Any CPU.Build.0 = Debug|Any CPU
		{96ABD975-CB85-48F8-893B-BE0946A24618}.Release|Any CPU.ActiveCfg = Release|Any CPU
		{96ABD975-CB85-48F8-893B-BE0946A24618}.Release|Any CPU.Build.0 = Release|Any CPU
		{847A3001-8551-4595-B9EB-7CB02C06A824}.Debug|Any CPU.ActiveCfg = Debug|Any CPU
		{847A3001-8551-4595-B9EB-7CB02C06A824}.Debug|Any CPU.Build.0 = Debug|Any CPU
		{847A3001-8551-4595-B9EB-7CB02C06A824}.Release|Any CPU.ActiveCfg = Release|Any CPU
		{847A3001-8551-4595-B9EB-7CB02C06A824}.Release|Any CPU.Build.0 = Release|Any CPU
		{6A171A23-3BD9-462E-B90B-074352071149}.Debug|Any CPU.ActiveCfg = Debug|Any CPU
		{6A171A23-3BD9-462E-B90B-074352071149}.Debug|Any CPU.Build.0 = Debug|Any CPU
		{6A171A23-3BD9-462E-B90B-074352071149}.Release|Any CPU.ActiveCfg = Release|Any CPU
		{6A171A23-3BD9-462E-B90B-074352071149}.Release|Any CPU.Build.0 = Release|Any CPU
		{AC8D0036-F5EE-49F7-BD76-6DDC1B7828E7}.Debug|Any CPU.ActiveCfg = Debug|Any CPU
		{AC8D0036-F5EE-49F7-BD76-6DDC1B7828E7}.Debug|Any CPU.Build.0 = Debug|Any CPU
		{AC8D0036-F5EE-49F7-BD76-6DDC1B7828E7}.Release|Any CPU.ActiveCfg = Release|Any CPU
		{AC8D0036-F5EE-49F7-BD76-6DDC1B7828E7}.Release|Any CPU.Build.0 = Release|Any CPU
		{12CB7CCB-6D53-4498-8299-A13BA805501C}.Debug|Any CPU.ActiveCfg = Debug|Any CPU
		{12CB7CCB-6D53-4498-8299-A13BA805501C}.Debug|Any CPU.Build.0 = Debug|Any CPU
		{12CB7CCB-6D53-4498-8299-A13BA805501C}.Release|Any CPU.ActiveCfg = Release|Any CPU
		{12CB7CCB-6D53-4498-8299-A13BA805501C}.Release|Any CPU.Build.0 = Release|Any CPU
		{0DCB23A8-0F91-451A-9EAD-E39067EBF5BA}.Debug|Any CPU.ActiveCfg = Debug|Any CPU
		{0DCB23A8-0F91-451A-9EAD-E39067EBF5BA}.Debug|Any CPU.Build.0 = Debug|Any CPU
		{0DCB23A8-0F91-451A-9EAD-E39067EBF5BA}.Release|Any CPU.ActiveCfg = Release|Any CPU
		{0DCB23A8-0F91-451A-9EAD-E39067EBF5BA}.Release|Any CPU.Build.0 = Release|Any CPU
		{9C14E0D3-14C0-4690-8183-454D215D7ED8}.Debug|Any CPU.ActiveCfg = Debug|Any CPU
		{9C14E0D3-14C0-4690-8183-454D215D7ED8}.Debug|Any CPU.Build.0 = Debug|Any CPU
		{9C14E0D3-14C0-4690-8183-454D215D7ED8}.Release|Any CPU.ActiveCfg = Release|Any CPU
		{9C14E0D3-14C0-4690-8183-454D215D7ED8}.Release|Any CPU.Build.0 = Release|Any CPU
		{5EBCB298-6DA7-4254-85F1-B3DC59516915}.Debug|Any CPU.ActiveCfg = Debug|Any CPU
		{5EBCB298-6DA7-4254-85F1-B3DC59516915}.Debug|Any CPU.Build.0 = Debug|Any CPU
		{5EBCB298-6DA7-4254-85F1-B3DC59516915}.Release|Any CPU.ActiveCfg = Release|Any CPU
		{5EBCB298-6DA7-4254-85F1-B3DC59516915}.Release|Any CPU.Build.0 = Release|Any CPU
		{CCCA687B-106C-46DE-B109-BBC528DC8476}.Debug|Any CPU.ActiveCfg = Debug|Any CPU
		{CCCA687B-106C-46DE-B109-BBC528DC8476}.Debug|Any CPU.Build.0 = Debug|Any CPU
		{CCCA687B-106C-46DE-B109-BBC528DC8476}.Release|Any CPU.ActiveCfg = Release|Any CPU
		{CCCA687B-106C-46DE-B109-BBC528DC8476}.Release|Any CPU.Build.0 = Release|Any CPU
		{C1261F53-A640-427D-926D-220438B62D8E}.Debug|Any CPU.ActiveCfg = Debug|Any CPU
		{C1261F53-A640-427D-926D-220438B62D8E}.Debug|Any CPU.Build.0 = Debug|Any CPU
		{C1261F53-A640-427D-926D-220438B62D8E}.Release|Any CPU.ActiveCfg = Release|Any CPU
		{C1261F53-A640-427D-926D-220438B62D8E}.Release|Any CPU.Build.0 = Release|Any CPU
		{E0C105D7-C6AD-4A8C-A33C-9B084BC34810}.Debug|Any CPU.ActiveCfg = Debug|Any CPU
		{E0C105D7-C6AD-4A8C-A33C-9B084BC34810}.Debug|Any CPU.Build.0 = Debug|Any CPU
		{E0C105D7-C6AD-4A8C-A33C-9B084BC34810}.Release|Any CPU.ActiveCfg = Release|Any CPU
		{E0C105D7-C6AD-4A8C-A33C-9B084BC34810}.Release|Any CPU.Build.0 = Release|Any CPU
		{DF917821-7967-4636-8E6B-21CC4903588F}.Debug|Any CPU.ActiveCfg = Debug|Any CPU
		{DF917821-7967-4636-8E6B-21CC4903588F}.Debug|Any CPU.Build.0 = Debug|Any CPU
		{DF917821-7967-4636-8E6B-21CC4903588F}.Release|Any CPU.ActiveCfg = Release|Any CPU
		{DF917821-7967-4636-8E6B-21CC4903588F}.Release|Any CPU.Build.0 = Release|Any CPU
		{1F6479D2-22D0-4C6D-96DA-357A8D0AC758}.Debug|Any CPU.ActiveCfg = Debug|Any CPU
		{1F6479D2-22D0-4C6D-96DA-357A8D0AC758}.Debug|Any CPU.Build.0 = Debug|Any CPU
		{1F6479D2-22D0-4C6D-96DA-357A8D0AC758}.Release|Any CPU.ActiveCfg = Release|Any CPU
		{1F6479D2-22D0-4C6D-96DA-357A8D0AC758}.Release|Any CPU.Build.0 = Release|Any CPU
		{27E51F1B-CC84-42DA-BC5A-ECDE646F2AE2}.Debug|Any CPU.ActiveCfg = Debug|Any CPU
		{27E51F1B-CC84-42DA-BC5A-ECDE646F2AE2}.Debug|Any CPU.Build.0 = Debug|Any CPU
		{27E51F1B-CC84-42DA-BC5A-ECDE646F2AE2}.Release|Any CPU.ActiveCfg = Release|Any CPU
		{27E51F1B-CC84-42DA-BC5A-ECDE646F2AE2}.Release|Any CPU.Build.0 = Release|Any CPU
		{4A206955-FA29-4C98-9A37-7684EE077BD0}.Debug|Any CPU.ActiveCfg = Debug|Any CPU
		{4A206955-FA29-4C98-9A37-7684EE077BD0}.Debug|Any CPU.Build.0 = Debug|Any CPU
		{4A206955-FA29-4C98-9A37-7684EE077BD0}.Release|Any CPU.ActiveCfg = Release|Any CPU
		{4A206955-FA29-4C98-9A37-7684EE077BD0}.Release|Any CPU.Build.0 = Release|Any CPU
		{EF62E5A2-C3B2-4713-9E1D-5EA8ABB19032}.Debug|Any CPU.ActiveCfg = Debug|Any CPU
		{EF62E5A2-C3B2-4713-9E1D-5EA8ABB19032}.Debug|Any CPU.Build.0 = Debug|Any CPU
		{EF62E5A2-C3B2-4713-9E1D-5EA8ABB19032}.Release|Any CPU.ActiveCfg = Release|Any CPU
		{EF62E5A2-C3B2-4713-9E1D-5EA8ABB19032}.Release|Any CPU.Build.0 = Release|Any CPU
		{B14F5E29-8128-4E1E-8E5B-5ACB8FE526D7}.Debug|Any CPU.ActiveCfg = Debug|Any CPU
		{B14F5E29-8128-4E1E-8E5B-5ACB8FE526D7}.Debug|Any CPU.Build.0 = Debug|Any CPU
		{B14F5E29-8128-4E1E-8E5B-5ACB8FE526D7}.Release|Any CPU.ActiveCfg = Release|Any CPU
		{B14F5E29-8128-4E1E-8E5B-5ACB8FE526D7}.Release|Any CPU.Build.0 = Release|Any CPU
		{D874C3B6-9032-4893-BF20-863DAE480711}.Debug|Any CPU.ActiveCfg = Debug|Any CPU
		{D874C3B6-9032-4893-BF20-863DAE480711}.Debug|Any CPU.Build.0 = Debug|Any CPU
		{D874C3B6-9032-4893-BF20-863DAE480711}.Release|Any CPU.ActiveCfg = Release|Any CPU
		{D874C3B6-9032-4893-BF20-863DAE480711}.Release|Any CPU.Build.0 = Release|Any CPU
		{EB8C6D18-3AB6-43A2-BDA0-0C445EAD4208}.Debug|Any CPU.ActiveCfg = Debug|Any CPU
		{EB8C6D18-3AB6-43A2-BDA0-0C445EAD4208}.Debug|Any CPU.Build.0 = Debug|Any CPU
		{EB8C6D18-3AB6-43A2-BDA0-0C445EAD4208}.Release|Any CPU.ActiveCfg = Release|Any CPU
		{EB8C6D18-3AB6-43A2-BDA0-0C445EAD4208}.Release|Any CPU.Build.0 = Release|Any CPU
		{F86C424F-5C46-4982-BBA6-804317696557}.Debug|Any CPU.ActiveCfg = Debug|Any CPU
		{F86C424F-5C46-4982-BBA6-804317696557}.Debug|Any CPU.Build.0 = Debug|Any CPU
		{F86C424F-5C46-4982-BBA6-804317696557}.Release|Any CPU.ActiveCfg = Release|Any CPU
		{F86C424F-5C46-4982-BBA6-804317696557}.Release|Any CPU.Build.0 = Release|Any CPU
		{C7D7704B-F0EE-4E64-8F90-C718611AF051}.Debug|Any CPU.ActiveCfg = Debug|Any CPU
		{C7D7704B-F0EE-4E64-8F90-C718611AF051}.Debug|Any CPU.Build.0 = Debug|Any CPU
		{C7D7704B-F0EE-4E64-8F90-C718611AF051}.Release|Any CPU.ActiveCfg = Release|Any CPU
		{C7D7704B-F0EE-4E64-8F90-C718611AF051}.Release|Any CPU.Build.0 = Release|Any CPU
		{4B4DD553-24EF-43ED-BCC2-4AE5416B3766}.Debug|Any CPU.ActiveCfg = Debug|Any CPU
		{4B4DD553-24EF-43ED-BCC2-4AE5416B3766}.Debug|Any CPU.Build.0 = Debug|Any CPU
		{4B4DD553-24EF-43ED-BCC2-4AE5416B3766}.Release|Any CPU.ActiveCfg = Release|Any CPU
		{4B4DD553-24EF-43ED-BCC2-4AE5416B3766}.Release|Any CPU.Build.0 = Release|Any CPU
		{7ABD4041-FA3B-43EB-AA70-C2001D7A031B}.Debug|Any CPU.ActiveCfg = Debug|Any CPU
		{7ABD4041-FA3B-43EB-AA70-C2001D7A031B}.Debug|Any CPU.Build.0 = Debug|Any CPU
		{7ABD4041-FA3B-43EB-AA70-C2001D7A031B}.Release|Any CPU.ActiveCfg = Release|Any CPU
		{7ABD4041-FA3B-43EB-AA70-C2001D7A031B}.Release|Any CPU.Build.0 = Release|Any CPU
		{BF3526B7-2A10-408D-A739-A59951DA0358}.Debug|Any CPU.ActiveCfg = Debug|Any CPU
		{BF3526B7-2A10-408D-A739-A59951DA0358}.Debug|Any CPU.Build.0 = Debug|Any CPU
		{BF3526B7-2A10-408D-A739-A59951DA0358}.Release|Any CPU.ActiveCfg = Release|Any CPU
		{BF3526B7-2A10-408D-A739-A59951DA0358}.Release|Any CPU.Build.0 = Release|Any CPU
		{E438ADD8-215A-4130-99AB-D92CAB3ABFD8}.Debug|Any CPU.ActiveCfg = Debug|Any CPU
		{E438ADD8-215A-4130-99AB-D92CAB3ABFD8}.Debug|Any CPU.Build.0 = Debug|Any CPU
		{E438ADD8-215A-4130-99AB-D92CAB3ABFD8}.Release|Any CPU.ActiveCfg = Release|Any CPU
		{E438ADD8-215A-4130-99AB-D92CAB3ABFD8}.Release|Any CPU.Build.0 = Release|Any CPU
		{92351FA6-E513-4543-A551-E274D2752EB2}.Debug|Any CPU.ActiveCfg = Debug|Any CPU
		{92351FA6-E513-4543-A551-E274D2752EB2}.Debug|Any CPU.Build.0 = Debug|Any CPU
		{92351FA6-E513-4543-A551-E274D2752EB2}.Release|Any CPU.ActiveCfg = Release|Any CPU
		{92351FA6-E513-4543-A551-E274D2752EB2}.Release|Any CPU.Build.0 = Release|Any CPU
		{665A1CE6-B7FE-4785-A0EA-4BBFD07293B4}.Debug|Any CPU.ActiveCfg = Debug|Any CPU
		{665A1CE6-B7FE-4785-A0EA-4BBFD07293B4}.Debug|Any CPU.Build.0 = Debug|Any CPU
		{665A1CE6-B7FE-4785-A0EA-4BBFD07293B4}.Release|Any CPU.ActiveCfg = Release|Any CPU
		{665A1CE6-B7FE-4785-A0EA-4BBFD07293B4}.Release|Any CPU.Build.0 = Release|Any CPU
		{90C4FA7C-4237-4195-8BD3-9885DE98969D}.Debug|Any CPU.ActiveCfg = Debug|Any CPU
		{90C4FA7C-4237-4195-8BD3-9885DE98969D}.Debug|Any CPU.Build.0 = Debug|Any CPU
		{90C4FA7C-4237-4195-8BD3-9885DE98969D}.Release|Any CPU.ActiveCfg = Release|Any CPU
		{90C4FA7C-4237-4195-8BD3-9885DE98969D}.Release|Any CPU.Build.0 = Release|Any CPU
		{A4ECDE72-52B9-4A02-87F8-71F99C902C5D}.Debug|Any CPU.ActiveCfg = Debug|Any CPU
		{A4ECDE72-52B9-4A02-87F8-71F99C902C5D}.Debug|Any CPU.Build.0 = Debug|Any CPU
		{A4ECDE72-52B9-4A02-87F8-71F99C902C5D}.Release|Any CPU.ActiveCfg = Release|Any CPU
		{A4ECDE72-52B9-4A02-87F8-71F99C902C5D}.Release|Any CPU.Build.0 = Release|Any CPU
		{B4E7ABE8-5D67-42B9-B9FC-6D13057CE9FC}.Debug|Any CPU.ActiveCfg = Debug|Any CPU
		{B4E7ABE8-5D67-42B9-B9FC-6D13057CE9FC}.Debug|Any CPU.Build.0 = Debug|Any CPU
		{B4E7ABE8-5D67-42B9-B9FC-6D13057CE9FC}.Release|Any CPU.ActiveCfg = Release|Any CPU
		{B4E7ABE8-5D67-42B9-B9FC-6D13057CE9FC}.Release|Any CPU.Build.0 = Release|Any CPU
		{E0FCFD7A-8E80-4C62-9AB2-EA6C4CFA1E51}.Debug|Any CPU.ActiveCfg = Debug|Any CPU
		{E0FCFD7A-8E80-4C62-9AB2-EA6C4CFA1E51}.Debug|Any CPU.Build.0 = Debug|Any CPU
		{E0FCFD7A-8E80-4C62-9AB2-EA6C4CFA1E51}.Release|Any CPU.ActiveCfg = Release|Any CPU
		{E0FCFD7A-8E80-4C62-9AB2-EA6C4CFA1E51}.Release|Any CPU.Build.0 = Release|Any CPU
		{78D38916-70BC-4E51-8AB3-85C18DFC3928}.Debug|Any CPU.ActiveCfg = Debug|Any CPU
		{78D38916-70BC-4E51-8AB3-85C18DFC3928}.Debug|Any CPU.Build.0 = Debug|Any CPU
		{78D38916-70BC-4E51-8AB3-85C18DFC3928}.Release|Any CPU.ActiveCfg = Release|Any CPU
		{78D38916-70BC-4E51-8AB3-85C18DFC3928}.Release|Any CPU.Build.0 = Release|Any CPU
		{610E50AF-43F3-41B9-B6F6-E590B1C4BE70}.Debug|Any CPU.ActiveCfg = Debug|Any CPU
		{610E50AF-43F3-41B9-B6F6-E590B1C4BE70}.Debug|Any CPU.Build.0 = Debug|Any CPU
		{610E50AF-43F3-41B9-B6F6-E590B1C4BE70}.Release|Any CPU.ActiveCfg = Release|Any CPU
		{610E50AF-43F3-41B9-B6F6-E590B1C4BE70}.Release|Any CPU.Build.0 = Release|Any CPU
		{EBD0F326-CAE1-447F-911A-783FA8DB78D1}.Debug|Any CPU.ActiveCfg = Debug|Any CPU
		{EBD0F326-CAE1-447F-911A-783FA8DB78D1}.Debug|Any CPU.Build.0 = Debug|Any CPU
		{EBD0F326-CAE1-447F-911A-783FA8DB78D1}.Release|Any CPU.ActiveCfg = Release|Any CPU
		{EBD0F326-CAE1-447F-911A-783FA8DB78D1}.Release|Any CPU.Build.0 = Release|Any CPU
		{F2DA08A9-A257-4AFB-83E4-1AE65BAA56BB}.Debug|Any CPU.ActiveCfg = Debug|Any CPU
		{F2DA08A9-A257-4AFB-83E4-1AE65BAA56BB}.Debug|Any CPU.Build.0 = Debug|Any CPU
		{F2DA08A9-A257-4AFB-83E4-1AE65BAA56BB}.Release|Any CPU.ActiveCfg = Release|Any CPU
		{F2DA08A9-A257-4AFB-83E4-1AE65BAA56BB}.Release|Any CPU.Build.0 = Release|Any CPU
		{800F15A1-680E-4BBA-8DD6-5476FCF7DB3D}.Debug|Any CPU.ActiveCfg = Debug|Any CPU
		{800F15A1-680E-4BBA-8DD6-5476FCF7DB3D}.Debug|Any CPU.Build.0 = Debug|Any CPU
		{800F15A1-680E-4BBA-8DD6-5476FCF7DB3D}.Release|Any CPU.ActiveCfg = Release|Any CPU
		{800F15A1-680E-4BBA-8DD6-5476FCF7DB3D}.Release|Any CPU.Build.0 = Release|Any CPU
		{630D59BF-6DFE-4253-B848-F177D2003224}.Debug|Any CPU.ActiveCfg = Debug|Any CPU
		{630D59BF-6DFE-4253-B848-F177D2003224}.Debug|Any CPU.Build.0 = Debug|Any CPU
		{630D59BF-6DFE-4253-B848-F177D2003224}.Release|Any CPU.ActiveCfg = Release|Any CPU
		{630D59BF-6DFE-4253-B848-F177D2003224}.Release|Any CPU.Build.0 = Release|Any CPU
		{3D934CA9-9FCE-451B-BC0D-5C006A62584D}.Debug|Any CPU.ActiveCfg = Debug|Any CPU
		{3D934CA9-9FCE-451B-BC0D-5C006A62584D}.Debug|Any CPU.Build.0 = Debug|Any CPU
		{3D934CA9-9FCE-451B-BC0D-5C006A62584D}.Release|Any CPU.ActiveCfg = Release|Any CPU
		{3D934CA9-9FCE-451B-BC0D-5C006A62584D}.Release|Any CPU.Build.0 = Release|Any CPU
		{E6AA24BD-D486-4E6B-A553-C8A86061558C}.Debug|Any CPU.ActiveCfg = Debug|Any CPU
		{E6AA24BD-D486-4E6B-A553-C8A86061558C}.Debug|Any CPU.Build.0 = Debug|Any CPU
		{E6AA24BD-D486-4E6B-A553-C8A86061558C}.Release|Any CPU.ActiveCfg = Release|Any CPU
		{E6AA24BD-D486-4E6B-A553-C8A86061558C}.Release|Any CPU.Build.0 = Release|Any CPU
		{58D39353-D173-41F6-A036-99FC492DC129}.Debug|Any CPU.ActiveCfg = Debug|Any CPU
		{58D39353-D173-41F6-A036-99FC492DC129}.Debug|Any CPU.Build.0 = Debug|Any CPU
		{58D39353-D173-41F6-A036-99FC492DC129}.Release|Any CPU.ActiveCfg = Release|Any CPU
		{58D39353-D173-41F6-A036-99FC492DC129}.Release|Any CPU.Build.0 = Release|Any CPU
		{E41A46E3-0339-4C2F-A5F7-8236CE6AC6E6}.Debug|Any CPU.ActiveCfg = Debug|Any CPU
		{E41A46E3-0339-4C2F-A5F7-8236CE6AC6E6}.Debug|Any CPU.Build.0 = Debug|Any CPU
		{E41A46E3-0339-4C2F-A5F7-8236CE6AC6E6}.Release|Any CPU.ActiveCfg = Release|Any CPU
		{E41A46E3-0339-4C2F-A5F7-8236CE6AC6E6}.Release|Any CPU.Build.0 = Release|Any CPU
		{56628B67-7262-4434-BFC4-E82665CECC7D}.Debug|Any CPU.ActiveCfg = Debug|Any CPU
		{56628B67-7262-4434-BFC4-E82665CECC7D}.Debug|Any CPU.Build.0 = Debug|Any CPU
		{56628B67-7262-4434-BFC4-E82665CECC7D}.Release|Any CPU.ActiveCfg = Release|Any CPU
		{56628B67-7262-4434-BFC4-E82665CECC7D}.Release|Any CPU.Build.0 = Release|Any CPU
		{33EFEFEA-1B15-49FB-AF34-DA163AFAE7FA}.Debug|Any CPU.ActiveCfg = Debug|Any CPU
		{33EFEFEA-1B15-49FB-AF34-DA163AFAE7FA}.Debug|Any CPU.Build.0 = Debug|Any CPU
		{33EFEFEA-1B15-49FB-AF34-DA163AFAE7FA}.Release|Any CPU.ActiveCfg = Release|Any CPU
		{33EFEFEA-1B15-49FB-AF34-DA163AFAE7FA}.Release|Any CPU.Build.0 = Release|Any CPU
		{92343E01-9245-45ED-A720-AA4C68902E58}.Debug|Any CPU.ActiveCfg = Debug|Any CPU
		{92343E01-9245-45ED-A720-AA4C68902E58}.Debug|Any CPU.Build.0 = Debug|Any CPU
		{92343E01-9245-45ED-A720-AA4C68902E58}.Release|Any CPU.ActiveCfg = Release|Any CPU
		{92343E01-9245-45ED-A720-AA4C68902E58}.Release|Any CPU.Build.0 = Release|Any CPU
		{BA59B4C8-E57B-4164-96F4-F087B772AF80}.Debug|Any CPU.ActiveCfg = Debug|Any CPU
		{BA59B4C8-E57B-4164-96F4-F087B772AF80}.Debug|Any CPU.Build.0 = Debug|Any CPU
		{BA59B4C8-E57B-4164-96F4-F087B772AF80}.Release|Any CPU.ActiveCfg = Release|Any CPU
		{BA59B4C8-E57B-4164-96F4-F087B772AF80}.Release|Any CPU.Build.0 = Release|Any CPU
		{AC6CBF8B-6EA0-4C2F-9005-A9910A253C0D}.Debug|Any CPU.ActiveCfg = Debug|Any CPU
		{AC6CBF8B-6EA0-4C2F-9005-A9910A253C0D}.Debug|Any CPU.Build.0 = Debug|Any CPU
		{AC6CBF8B-6EA0-4C2F-9005-A9910A253C0D}.Release|Any CPU.ActiveCfg = Release|Any CPU
		{AC6CBF8B-6EA0-4C2F-9005-A9910A253C0D}.Release|Any CPU.Build.0 = Release|Any CPU
		{CE3570F8-DA26-4140-9B40-FE1417BC552C}.Debug|Any CPU.ActiveCfg = Debug|Any CPU
		{CE3570F8-DA26-4140-9B40-FE1417BC552C}.Debug|Any CPU.Build.0 = Debug|Any CPU
		{CE3570F8-DA26-4140-9B40-FE1417BC552C}.Release|Any CPU.ActiveCfg = Release|Any CPU
		{CE3570F8-DA26-4140-9B40-FE1417BC552C}.Release|Any CPU.Build.0 = Release|Any CPU
		{0ABF268B-9D50-4C5D-A68A-BD0DF4A98998}.Debug|Any CPU.ActiveCfg = Debug|Any CPU
		{0ABF268B-9D50-4C5D-A68A-BD0DF4A98998}.Debug|Any CPU.Build.0 = Debug|Any CPU
		{0ABF268B-9D50-4C5D-A68A-BD0DF4A98998}.Release|Any CPU.ActiveCfg = Release|Any CPU
		{0ABF268B-9D50-4C5D-A68A-BD0DF4A98998}.Release|Any CPU.Build.0 = Release|Any CPU
		{95555AB8-D362-4D09-957F-8DAC927B1167}.Debug|Any CPU.ActiveCfg = Debug|Any CPU
		{95555AB8-D362-4D09-957F-8DAC927B1167}.Debug|Any CPU.Build.0 = Debug|Any CPU
		{95555AB8-D362-4D09-957F-8DAC927B1167}.Release|Any CPU.ActiveCfg = Release|Any CPU
		{95555AB8-D362-4D09-957F-8DAC927B1167}.Release|Any CPU.Build.0 = Release|Any CPU
		{9AA354D8-4B2A-4E37-9AC8-C785C89A4AD6}.Debug|Any CPU.ActiveCfg = Debug|Any CPU
		{9AA354D8-4B2A-4E37-9AC8-C785C89A4AD6}.Debug|Any CPU.Build.0 = Debug|Any CPU
		{9AA354D8-4B2A-4E37-9AC8-C785C89A4AD6}.Release|Any CPU.ActiveCfg = Release|Any CPU
		{9AA354D8-4B2A-4E37-9AC8-C785C89A4AD6}.Release|Any CPU.Build.0 = Release|Any CPU
		{A7BA5737-26F2-407E-A0DB-2E91C8111F65}.Debug|Any CPU.ActiveCfg = Debug|Any CPU
		{A7BA5737-26F2-407E-A0DB-2E91C8111F65}.Debug|Any CPU.Build.0 = Debug|Any CPU
		{A7BA5737-26F2-407E-A0DB-2E91C8111F65}.Release|Any CPU.ActiveCfg = Release|Any CPU
		{A7BA5737-26F2-407E-A0DB-2E91C8111F65}.Release|Any CPU.Build.0 = Release|Any CPU
		{7209D744-9880-4E07-8351-77875F6FE979}.Debug|Any CPU.ActiveCfg = Debug|Any CPU
		{7209D744-9880-4E07-8351-77875F6FE979}.Debug|Any CPU.Build.0 = Debug|Any CPU
		{7209D744-9880-4E07-8351-77875F6FE979}.Release|Any CPU.ActiveCfg = Release|Any CPU
		{7209D744-9880-4E07-8351-77875F6FE979}.Release|Any CPU.Build.0 = Release|Any CPU
		{F4C01313-0900-4D1B-862D-DD3791645332}.Debug|Any CPU.ActiveCfg = Debug|Any CPU
		{F4C01313-0900-4D1B-862D-DD3791645332}.Debug|Any CPU.Build.0 = Debug|Any CPU
		{F4C01313-0900-4D1B-862D-DD3791645332}.Release|Any CPU.ActiveCfg = Release|Any CPU
		{F4C01313-0900-4D1B-862D-DD3791645332}.Release|Any CPU.Build.0 = Release|Any CPU
		{480C6A97-33D5-49F5-9774-735A47F78D14}.Debug|Any CPU.ActiveCfg = Debug|Any CPU
		{480C6A97-33D5-49F5-9774-735A47F78D14}.Debug|Any CPU.Build.0 = Debug|Any CPU
		{480C6A97-33D5-49F5-9774-735A47F78D14}.Release|Any CPU.ActiveCfg = Release|Any CPU
		{480C6A97-33D5-49F5-9774-735A47F78D14}.Release|Any CPU.Build.0 = Release|Any CPU
		{CECF8A26-4984-4677-97B8-2BE6D397726B}.Debug|Any CPU.ActiveCfg = Debug|Any CPU
		{CECF8A26-4984-4677-97B8-2BE6D397726B}.Debug|Any CPU.Build.0 = Debug|Any CPU
		{CECF8A26-4984-4677-97B8-2BE6D397726B}.Release|Any CPU.ActiveCfg = Release|Any CPU
		{CECF8A26-4984-4677-97B8-2BE6D397726B}.Release|Any CPU.Build.0 = Release|Any CPU
		{D801C5A6-7F7A-4831-8272-E598567518FD}.Debug|Any CPU.ActiveCfg = Debug|Any CPU
		{D801C5A6-7F7A-4831-8272-E598567518FD}.Debug|Any CPU.Build.0 = Debug|Any CPU
		{D801C5A6-7F7A-4831-8272-E598567518FD}.Release|Any CPU.ActiveCfg = Release|Any CPU
		{D801C5A6-7F7A-4831-8272-E598567518FD}.Release|Any CPU.Build.0 = Release|Any CPU
		{29A9B46F-D2A8-4D46-8FAA-63E962D7AB4C}.Debug|Any CPU.ActiveCfg = Debug|Any CPU
		{29A9B46F-D2A8-4D46-8FAA-63E962D7AB4C}.Debug|Any CPU.Build.0 = Debug|Any CPU
		{29A9B46F-D2A8-4D46-8FAA-63E962D7AB4C}.Release|Any CPU.ActiveCfg = Release|Any CPU
		{29A9B46F-D2A8-4D46-8FAA-63E962D7AB4C}.Release|Any CPU.Build.0 = Release|Any CPU
		{90D5B231-D560-48AB-A93E-9E09BB7E9222}.Debug|Any CPU.ActiveCfg = Debug|Any CPU
		{90D5B231-D560-48AB-A93E-9E09BB7E9222}.Debug|Any CPU.Build.0 = Debug|Any CPU
		{90D5B231-D560-48AB-A93E-9E09BB7E9222}.Release|Any CPU.ActiveCfg = Release|Any CPU
		{90D5B231-D560-48AB-A93E-9E09BB7E9222}.Release|Any CPU.Build.0 = Release|Any CPU
		{981E0623-FCE0-48F8-90E8-8DDE65AF0A79}.Debug|Any CPU.ActiveCfg = Debug|Any CPU
		{981E0623-FCE0-48F8-90E8-8DDE65AF0A79}.Debug|Any CPU.Build.0 = Debug|Any CPU
		{981E0623-FCE0-48F8-90E8-8DDE65AF0A79}.Release|Any CPU.ActiveCfg = Release|Any CPU
		{981E0623-FCE0-48F8-90E8-8DDE65AF0A79}.Release|Any CPU.Build.0 = Release|Any CPU
		{315D97C0-207B-45AF-81C7-6C27ADEE2AC4}.Debug|Any CPU.ActiveCfg = Debug|Any CPU
		{315D97C0-207B-45AF-81C7-6C27ADEE2AC4}.Debug|Any CPU.Build.0 = Debug|Any CPU
		{315D97C0-207B-45AF-81C7-6C27ADEE2AC4}.Release|Any CPU.ActiveCfg = Release|Any CPU
		{315D97C0-207B-45AF-81C7-6C27ADEE2AC4}.Release|Any CPU.Build.0 = Release|Any CPU
		{1C0BCB97-28E0-4617-97E1-4628C054CB1D}.Debug|Any CPU.ActiveCfg = Debug|Any CPU
		{1C0BCB97-28E0-4617-97E1-4628C054CB1D}.Debug|Any CPU.Build.0 = Debug|Any CPU
		{1C0BCB97-28E0-4617-97E1-4628C054CB1D}.Release|Any CPU.ActiveCfg = Release|Any CPU
		{1C0BCB97-28E0-4617-97E1-4628C054CB1D}.Release|Any CPU.Build.0 = Release|Any CPU
		{C894B85C-B5A8-48C2-A6AD-05597A5BC1AB}.Debug|Any CPU.ActiveCfg = Debug|Any CPU
		{C894B85C-B5A8-48C2-A6AD-05597A5BC1AB}.Debug|Any CPU.Build.0 = Debug|Any CPU
		{C894B85C-B5A8-48C2-A6AD-05597A5BC1AB}.Release|Any CPU.ActiveCfg = Release|Any CPU
		{C894B85C-B5A8-48C2-A6AD-05597A5BC1AB}.Release|Any CPU.Build.0 = Release|Any CPU
		{3231660D-04AB-4E20-8849-7CF112A39A23}.Debug|Any CPU.ActiveCfg = Debug|Any CPU
		{3231660D-04AB-4E20-8849-7CF112A39A23}.Debug|Any CPU.Build.0 = Debug|Any CPU
		{3231660D-04AB-4E20-8849-7CF112A39A23}.Release|Any CPU.ActiveCfg = Release|Any CPU
		{3231660D-04AB-4E20-8849-7CF112A39A23}.Release|Any CPU.Build.0 = Release|Any CPU
		{E730EA0F-2D34-4AC1-A0D5-50B53DC261B7}.Debug|Any CPU.ActiveCfg = Debug|Any CPU
		{E730EA0F-2D34-4AC1-A0D5-50B53DC261B7}.Debug|Any CPU.Build.0 = Debug|Any CPU
		{E730EA0F-2D34-4AC1-A0D5-50B53DC261B7}.Release|Any CPU.ActiveCfg = Release|Any CPU
		{E730EA0F-2D34-4AC1-A0D5-50B53DC261B7}.Release|Any CPU.Build.0 = Release|Any CPU
		{1F9E60FA-4EDC-441A-8413-F6AA3B7CDDAA}.Debug|Any CPU.ActiveCfg = Debug|Any CPU
		{1F9E60FA-4EDC-441A-8413-F6AA3B7CDDAA}.Debug|Any CPU.Build.0 = Debug|Any CPU
		{1F9E60FA-4EDC-441A-8413-F6AA3B7CDDAA}.Release|Any CPU.ActiveCfg = Release|Any CPU
		{1F9E60FA-4EDC-441A-8413-F6AA3B7CDDAA}.Release|Any CPU.Build.0 = Release|Any CPU
		{F1E9E4F4-B995-4AD1-86CC-7C976400BFDA}.Debug|Any CPU.ActiveCfg = Debug|Any CPU
		{F1E9E4F4-B995-4AD1-86CC-7C976400BFDA}.Debug|Any CPU.Build.0 = Debug|Any CPU
		{F1E9E4F4-B995-4AD1-86CC-7C976400BFDA}.Release|Any CPU.ActiveCfg = Release|Any CPU
		{F1E9E4F4-B995-4AD1-86CC-7C976400BFDA}.Release|Any CPU.Build.0 = Release|Any CPU
	EndGlobalSection
	GlobalSection(SolutionProperties) = preSolution
		HideSolutionNode = FALSE
	EndGlobalSection
	GlobalSection(NestedProjects) = preSolution
		{037A4750-E4D1-42A7-91F1-FCFBBA265A76} = {F412E9F8-35FC-4CC5-83F1-50AFDC1CC0A4}
		{3924C582-FDA9-4140-8950-C44787213E3A} = {6F1A4650-8DF4-4EE7-BCAA-883FCF6C5371}
		{89AFD33E-ED2E-48A9-A7D2-2FD4F31739ED} = {01A3BD78-76C7-4ED1-B5CC-EA477DDABF2E}
		{F6746943-A99C-4D66-B872-EC4CD4B6B471} = {01A3BD78-76C7-4ED1-B5CC-EA477DDABF2E}
		{2B56E6DC-4F03-4892-B6C3-B40E29B97DD0} = {01A3BD78-76C7-4ED1-B5CC-EA477DDABF2E}
		{5689777D-2D0C-47B8-B266-992C65433539} = {369A7208-547C-4361-A545-1D69EFE457AC}
		{4E571BB2-BB32-4D46-BD85-B65D50A2D56B} = {369A7208-547C-4361-A545-1D69EFE457AC}
		{4CC04BAC-0BA2-45EC-A1D3-963E72B57FE4} = {369A7208-547C-4361-A545-1D69EFE457AC}
		{71FC3302-A3D8-4D1A-977A-61F0F7D72AAD} = {76105DF7-96CA-47B8-9344-9EFAD917F5C2}
		{96ABD975-CB85-48F8-893B-BE0946A24618} = {0A2B954E-242C-4623-AE7C-543E12078DBC}
		{847A3001-8551-4595-B9EB-7CB02C06A824} = {4312F8D0-7AD8-4EAD-8732-527719D8A292}
		{6A171A23-3BD9-462E-B90B-074352071149} = {4312F8D0-7AD8-4EAD-8732-527719D8A292}
		{AC8D0036-F5EE-49F7-BD76-6DDC1B7828E7} = {6BC49BAB-B953-441C-91F2-F0D9F46BE810}
		{12CB7CCB-6D53-4498-8299-A13BA805501C} = {1454854B-A59D-4F30-B1BE-617AB11E10FF}
		{0DCB23A8-0F91-451A-9EAD-E39067EBF5BA} = {1454854B-A59D-4F30-B1BE-617AB11E10FF}
		{9C14E0D3-14C0-4690-8183-454D215D7ED8} = {FB4F1FAB-1EB7-4A74-87B5-7EABEC229026}
		{5EBCB298-6DA7-4254-85F1-B3DC59516915} = {FB4F1FAB-1EB7-4A74-87B5-7EABEC229026}
		{CCCA687B-106C-46DE-B109-BBC528DC8476} = {FB4F1FAB-1EB7-4A74-87B5-7EABEC229026}
		{C1261F53-A640-427D-926D-220438B62D8E} = {5418A340-78CC-4719-99D7-76634360371B}
		{E0C105D7-C6AD-4A8C-A33C-9B084BC34810} = {5418A340-78CC-4719-99D7-76634360371B}
		{DF917821-7967-4636-8E6B-21CC4903588F} = {5418A340-78CC-4719-99D7-76634360371B}
		{1F6479D2-22D0-4C6D-96DA-357A8D0AC758} = {5418A340-78CC-4719-99D7-76634360371B}
		{27E51F1B-CC84-42DA-BC5A-ECDE646F2AE2} = {5418A340-78CC-4719-99D7-76634360371B}
		{4A206955-FA29-4C98-9A37-7684EE077BD0} = {5418A340-78CC-4719-99D7-76634360371B}
		{EF62E5A2-C3B2-4713-9E1D-5EA8ABB19032} = {C8AE9A3C-15AD-4608-B8F2-990491D1E780}
		{B14F5E29-8128-4E1E-8E5B-5ACB8FE526D7} = {2434D488-7004-4F58-B08D-CF4B9A520610}
		{D874C3B6-9032-4893-BF20-863DAE480711} = {2434D488-7004-4F58-B08D-CF4B9A520610}
		{EB8C6D18-3AB6-43A2-BDA0-0C445EAD4208} = {2434D488-7004-4F58-B08D-CF4B9A520610}
		{F86C424F-5C46-4982-BBA6-804317696557} = {2434D488-7004-4F58-B08D-CF4B9A520610}
		{C7D7704B-F0EE-4E64-8F90-C718611AF051} = {2434D488-7004-4F58-B08D-CF4B9A520610}
		{4B4DD553-24EF-43ED-BCC2-4AE5416B3766} = {2434D488-7004-4F58-B08D-CF4B9A520610}
		{7ABD4041-FA3B-43EB-AA70-C2001D7A031B} = {2C2DF22A-9B06-4A3A-B2C3-615CD0114BF7}
		{BF3526B7-2A10-408D-A739-A59951DA0358} = {2C2DF22A-9B06-4A3A-B2C3-615CD0114BF7}
		{E438ADD8-215A-4130-99AB-D92CAB3ABFD8} = {FE3171D6-309F-4B4E-AA8E-6035A15B5F71}
		{92351FA6-E513-4543-A551-E274D2752EB2} = {FE3171D6-309F-4B4E-AA8E-6035A15B5F71}
		{665A1CE6-B7FE-4785-A0EA-4BBFD07293B4} = {FE3171D6-309F-4B4E-AA8E-6035A15B5F71}
		{90C4FA7C-4237-4195-8BD3-9885DE98969D} = {FE3171D6-309F-4B4E-AA8E-6035A15B5F71}
		{A4ECDE72-52B9-4A02-87F8-71F99C902C5D} = {FE3171D6-309F-4B4E-AA8E-6035A15B5F71}
		{B4E7ABE8-5D67-42B9-B9FC-6D13057CE9FC} = {FE3171D6-309F-4B4E-AA8E-6035A15B5F71}
		{E0FCFD7A-8E80-4C62-9AB2-EA6C4CFA1E51} = {FE3171D6-309F-4B4E-AA8E-6035A15B5F71}
		{78D38916-70BC-4E51-8AB3-85C18DFC3928} = {FE3171D6-309F-4B4E-AA8E-6035A15B5F71}
		{610E50AF-43F3-41B9-B6F6-E590B1C4BE70} = {FE3171D6-309F-4B4E-AA8E-6035A15B5F71}
		{EBD0F326-CAE1-447F-911A-783FA8DB78D1} = {19C8A9B1-441D-438F-83E1-99F96A218920}
		{F2DA08A9-A257-4AFB-83E4-1AE65BAA56BB} = {19C8A9B1-441D-438F-83E1-99F96A218920}
		{800F15A1-680E-4BBA-8DD6-5476FCF7DB3D} = {19C8A9B1-441D-438F-83E1-99F96A218920}
		{630D59BF-6DFE-4253-B848-F177D2003224} = {19C8A9B1-441D-438F-83E1-99F96A218920}
		{3D934CA9-9FCE-451B-BC0D-5C006A62584D} = {99C6C5EE-6CB3-4BB4-A13D-44DAA252BEC9}
		{E6AA24BD-D486-4E6B-A553-C8A86061558C} = {09378118-F442-47BA-9B9A-A34AE763DAB2}
		{58D39353-D173-41F6-A036-99FC492DC129} = {09378118-F442-47BA-9B9A-A34AE763DAB2}
		{E41A46E3-0339-4C2F-A5F7-8236CE6AC6E6} = {09378118-F442-47BA-9B9A-A34AE763DAB2}
		{56628B67-7262-4434-BFC4-E82665CECC7D} = {09378118-F442-47BA-9B9A-A34AE763DAB2}
		{33EFEFEA-1B15-49FB-AF34-DA163AFAE7FA} = {09378118-F442-47BA-9B9A-A34AE763DAB2}
		{92343E01-9245-45ED-A720-AA4C68902E58} = {09378118-F442-47BA-9B9A-A34AE763DAB2}
		{BA59B4C8-E57B-4164-96F4-F087B772AF80} = {09378118-F442-47BA-9B9A-A34AE763DAB2}
		{688269E2-4330-42FB-A5A6-0CFB77A1AA1C} = {09378118-F442-47BA-9B9A-A34AE763DAB2}
		{AC6CBF8B-6EA0-4C2F-9005-A9910A253C0D} = {688269E2-4330-42FB-A5A6-0CFB77A1AA1C}
		{CE3570F8-DA26-4140-9B40-FE1417BC552C} = {688269E2-4330-42FB-A5A6-0CFB77A1AA1C}
		{0ABF268B-9D50-4C5D-A68A-BD0DF4A98998} = {688269E2-4330-42FB-A5A6-0CFB77A1AA1C}
		{08835643-4FB7-4CE4-AA1A-49688DDC6882} = {09378118-F442-47BA-9B9A-A34AE763DAB2}
		{95555AB8-D362-4D09-957F-8DAC927B1167} = {08835643-4FB7-4CE4-AA1A-49688DDC6882}
		{9AA354D8-4B2A-4E37-9AC8-C785C89A4AD6} = {08835643-4FB7-4CE4-AA1A-49688DDC6882}
		{A7BA5737-26F2-407E-A0DB-2E91C8111F65} = {08835643-4FB7-4CE4-AA1A-49688DDC6882}
		{7209D744-9880-4E07-8351-77875F6FE979} = {08835643-4FB7-4CE4-AA1A-49688DDC6882}
		{F4C01313-0900-4D1B-862D-DD3791645332} = {08835643-4FB7-4CE4-AA1A-49688DDC6882}
		{480C6A97-33D5-49F5-9774-735A47F78D14} = {DE601C1A-95D4-4565-8CDD-750FD06C4753}
		{DE601C1A-95D4-4565-8CDD-750FD06C4753} = {0A8588C5-1724-4CEB-8471-3464A13C35ED}
		{CECF8A26-4984-4677-97B8-2BE6D397726B} = {DE601C1A-95D4-4565-8CDD-750FD06C4753}
		{0D48CE89-7B4D-41D1-9F76-47BFCC329E28} = {0A8588C5-1724-4CEB-8471-3464A13C35ED}
		{D801C5A6-7F7A-4831-8272-E598567518FD} = {0D48CE89-7B4D-41D1-9F76-47BFCC329E28}
		{29A9B46F-D2A8-4D46-8FAA-63E962D7AB4C} = {0D48CE89-7B4D-41D1-9F76-47BFCC329E28}
		{A56469F4-DC2D-4BF4-891F-E42D47304536} = {511E3C34-7E7F-47DC-B106-77FAD8BC97B0}
		{90D5B231-D560-48AB-A93E-9E09BB7E9222} = {A56469F4-DC2D-4BF4-891F-E42D47304536}
		{AC084FA6-6AA9-403E-98FC-ACC37ADC4FD4} = {511E3C34-7E7F-47DC-B106-77FAD8BC97B0}
		{981E0623-FCE0-48F8-90E8-8DDE65AF0A79} = {AC084FA6-6AA9-403E-98FC-ACC37ADC4FD4}
		{315D97C0-207B-45AF-81C7-6C27ADEE2AC4} = {AC084FA6-6AA9-403E-98FC-ACC37ADC4FD4}
		{1C0BCB97-28E0-4617-97E1-4628C054CB1D} = {AC084FA6-6AA9-403E-98FC-ACC37ADC4FD4}
		{72FBCF78-2C1C-4C62-BC9C-F7BB3E06B593} = {511E3C34-7E7F-47DC-B106-77FAD8BC97B0}
		{C894B85C-B5A8-48C2-A6AD-05597A5BC1AB} = {72FBCF78-2C1C-4C62-BC9C-F7BB3E06B593}
		{3231660D-04AB-4E20-8849-7CF112A39A23} = {72FBCF78-2C1C-4C62-BC9C-F7BB3E06B593}
		{E730EA0F-2D34-4AC1-A0D5-50B53DC261B7} = {72FBCF78-2C1C-4C62-BC9C-F7BB3E06B593}
		{1F9E60FA-4EDC-441A-8413-F6AA3B7CDDAA} = {72FBCF78-2C1C-4C62-BC9C-F7BB3E06B593}
		{F1E9E4F4-B995-4AD1-86CC-7C976400BFDA} = {72FBCF78-2C1C-4C62-BC9C-F7BB3E06B593}
	EndGlobalSection
	GlobalSection(ExtensibilityGlobals) = postSolution
		SolutionGuid = {06541DBD-409B-460C-B4F8-ECB891CD385C}
	EndGlobalSection
EndGlobal
