
Microsoft Visual Studio Solution File, Format Version 12.00
# Visual Studio 2012
Project("{FAE04EC0-301F-11D3-BF4B-00C04F79EFBC}") = "Chapter10_Collection", "Chapter10_Collection\Chapter10_Collection.csproj", "{037A4750-E4D1-42A7-91F1-FCFBBA265A76}"
EndProject
Project("{FAE04EC0-301F-11D3-BF4B-00C04F79EFBC}") = "Chapter11_ProCsharp", "Chapter11_ProCsharp\Chapter11_ProCsharp.csproj", "{3924C582-FDA9-4140-8950-C44787213E3A}"
EndProject
Global
	GlobalSection(SolutionConfigurationPlatforms) = preSolution
		Debug|Any CPU = Debug|Any CPU
		Release|Any CPU = Release|Any CPU
	EndGlobalSection
	GlobalSection(ProjectConfigurationPlatforms) = postSolution
		{037A4750-E4D1-42A7-91F1-FCFBBA265A76}.Debug|Any CPU.ActiveCfg = Debug|Any CPU
		{037A4750-E4D1-42A7-91F1-FCFBBA265A76}.Debug|Any CPU.Build.0 = Debug|Any CPU
		{037A4750-E4D1-42A7-91F1-FCFBBA265A76}.Release|Any CPU.ActiveCfg = Release|Any CPU
		{037A4750-E4D1-42A7-91F1-FCFBBA265A76}.Release|Any CPU.Build.0 = Release|Any CPU
		{3924C582-FDA9-4140-8950-C44787213E3A}.Debug|Any CPU.ActiveCfg = Debug|Any CPU
		{3924C582-FDA9-4140-8950-C44787213E3A}.Debug|Any CPU.Build.0 = Debug|Any CPU
		{3924C582-FDA9-4140-8950-C44787213E3A}.Release|Any CPU.ActiveCfg = Release|Any CPU
		{3924C582-FDA9-4140-8950-C44787213E3A}.Release|Any CPU.Build.0 = Release|Any CPU
	EndGlobalSection
	GlobalSection(SolutionProperties) = preSolution
		HideSolutionNode = FALSE
	EndGlobalSection
EndGlobal
