
Microsoft Visual Studio Solution File, Format Version 12.00
# Visual Studio 15
VisualStudioVersion = 15.0.26430.14
MinimumVisualStudioVersion = 10.0.40219.1
Project("{FAE04EC0-301F-11D3-BF4B-00C04F79EFBC}") = "Chapter10_Collection", "Chapter10_Collection\Chapter10_Collection.csproj", "{037A4750-E4D1-42A7-91F1-FCFBBA265A76}"
EndProject
Project("{FAE04EC0-301F-11D3-BF4B-00C04F79EFBC}") = "Chapter11_ProCsharp", "Chapter11_ProCsharp\Chapter11_ProCsharp.csproj", "{3924C582-FDA9-4140-8950-C44787213E3A}"
EndProject
Project("{2150E333-8FDC-42A3-9474-1A3956D46DE8}") = "Chapter13", "Chapter13", "{01A3BD78-76C7-4ED1-B5CC-EA477DDABF2E}"
EndProject
Project("{FAE04EC0-301F-11D3-BF4B-00C04F79EFBC}") = "Chapter13_AsyncLib", "Chapter3_AsyncLib\Chapter13_AsyncLib.csproj", "{89AFD33E-ED2E-48A9-A7D2-2FD4F31739ED}"
EndProject
Project("{FAE04EC0-301F-11D3-BF4B-00C04F79EFBC}") = "Chapter13_AsyncPatterns", "Chapter13_AsyncPatterns\Chapter13_AsyncPatterns.csproj", "{F6746943-A99C-4D66-B872-EC4CD4B6B471}"
EndProject
Project("{2150E333-8FDC-42A3-9474-1A3956D46DE8}") = "Chapter10", "Chapter10", "{F412E9F8-35FC-4CC5-83F1-50AFDC1CC0A4}"
EndProject
Project("{2150E333-8FDC-42A3-9474-1A3956D46DE8}") = "Chapter11", "Chapter11", "{6F1A4650-8DF4-4EE7-BCAA-883FCF6C5371}"
EndProject
Project("{FAE04EC0-301F-11D3-BF4B-00C04F79EFBC}") = "Chapter13_Foundations", "Chapter13_Foundations\Chapter13_Foundations.csproj", "{2B56E6DC-4F03-4892-B6C3-B40E29B97DD0}"
EndProject
Project("{2150E333-8FDC-42A3-9474-1A3956D46DE8}") = "Chapter15", "Chapter15", "{369A7208-547C-4361-A545-1D69EFE457AC}"
EndProject
Project("{FAE04EC0-301F-11D3-BF4B-00C04F79EFBC}") = "Chapter15_ReflectionLib", "Chapter15_ReflectionLib\Chapter15_ReflectionLib.csproj", "{5689777D-2D0C-47B8-B266-992C65433539}"
EndProject
Project("{FAE04EC0-301F-11D3-BF4B-00C04F79EFBC}") = "Chapter15_VectorLib", "Chapter15_VectorLib\Chapter15_VectorLib.csproj", "{4E571BB2-BB32-4D46-BD85-B65D50A2D56B}"
EndProject
Global
	GlobalSection(SolutionConfigurationPlatforms) = preSolution
		Debug|Any CPU = Debug|Any CPU
		Release|Any CPU = Release|Any CPU
	EndGlobalSection
	GlobalSection(ProjectConfigurationPlatforms) = postSolution
		{037A4750-E4D1-42A7-91F1-FCFBBA265A76}.Debug|Any CPU.ActiveCfg = Debug|Any CPU
		{037A4750-E4D1-42A7-91F1-FCFBBA265A76}.Debug|Any CPU.Build.0 = Debug|Any CPU
		{037A4750-E4D1-42A7-91F1-FCFBBA265A76}.Release|Any CPU.ActiveCfg = Release|Any CPU
		{037A4750-E4D1-42A7-91F1-FCFBBA265A76}.Release|Any CPU.Build.0 = Release|Any CPU
		{3924C582-FDA9-4140-8950-C44787213E3A}.Debug|Any CPU.ActiveCfg = Debug|Any CPU
		{3924C582-FDA9-4140-8950-C44787213E3A}.Debug|Any CPU.Build.0 = Debug|Any CPU
		{3924C582-FDA9-4140-8950-C44787213E3A}.Release|Any CPU.ActiveCfg = Release|Any CPU
		{3924C582-FDA9-4140-8950-C44787213E3A}.Release|Any CPU.Build.0 = Release|Any CPU
		{89AFD33E-ED2E-48A9-A7D2-2FD4F31739ED}.Debug|Any CPU.ActiveCfg = Debug|Any CPU
		{89AFD33E-ED2E-48A9-A7D2-2FD4F31739ED}.Debug|Any CPU.Build.0 = Debug|Any CPU
		{89AFD33E-ED2E-48A9-A7D2-2FD4F31739ED}.Release|Any CPU.ActiveCfg = Release|Any CPU
		{89AFD33E-ED2E-48A9-A7D2-2FD4F31739ED}.Release|Any CPU.Build.0 = Release|Any CPU
		{F6746943-A99C-4D66-B872-EC4CD4B6B471}.Debug|Any CPU.ActiveCfg = Debug|Any CPU
		{F6746943-A99C-4D66-B872-EC4CD4B6B471}.Debug|Any CPU.Build.0 = Debug|Any CPU
		{F6746943-A99C-4D66-B872-EC4CD4B6B471}.Release|Any CPU.ActiveCfg = Release|Any CPU
		{F6746943-A99C-4D66-B872-EC4CD4B6B471}.Release|Any CPU.Build.0 = Release|Any CPU
		{2B56E6DC-4F03-4892-B6C3-B40E29B97DD0}.Debug|Any CPU.ActiveCfg = Debug|Any CPU
		{2B56E6DC-4F03-4892-B6C3-B40E29B97DD0}.Debug|Any CPU.Build.0 = Debug|Any CPU
		{2B56E6DC-4F03-4892-B6C3-B40E29B97DD0}.Release|Any CPU.ActiveCfg = Release|Any CPU
		{2B56E6DC-4F03-4892-B6C3-B40E29B97DD0}.Release|Any CPU.Build.0 = Release|Any CPU
		{5689777D-2D0C-47B8-B266-992C65433539}.Debug|Any CPU.ActiveCfg = Debug|Any CPU
		{5689777D-2D0C-47B8-B266-992C65433539}.Debug|Any CPU.Build.0 = Debug|Any CPU
		{5689777D-2D0C-47B8-B266-992C65433539}.Release|Any CPU.ActiveCfg = Release|Any CPU
		{5689777D-2D0C-47B8-B266-992C65433539}.Release|Any CPU.Build.0 = Release|Any CPU
		{4E571BB2-BB32-4D46-BD85-B65D50A2D56B}.Debug|Any CPU.ActiveCfg = Debug|Any CPU
		{4E571BB2-BB32-4D46-BD85-B65D50A2D56B}.Debug|Any CPU.Build.0 = Debug|Any CPU
		{4E571BB2-BB32-4D46-BD85-B65D50A2D56B}.Release|Any CPU.ActiveCfg = Release|Any CPU
		{4E571BB2-BB32-4D46-BD85-B65D50A2D56B}.Release|Any CPU.Build.0 = Release|Any CPU
	EndGlobalSection
	GlobalSection(SolutionProperties) = preSolution
		HideSolutionNode = FALSE
	EndGlobalSection
	GlobalSection(NestedProjects) = preSolution
		{037A4750-E4D1-42A7-91F1-FCFBBA265A76} = {F412E9F8-35FC-4CC5-83F1-50AFDC1CC0A4}
		{3924C582-FDA9-4140-8950-C44787213E3A} = {6F1A4650-8DF4-4EE7-BCAA-883FCF6C5371}
		{89AFD33E-ED2E-48A9-A7D2-2FD4F31739ED} = {01A3BD78-76C7-4ED1-B5CC-EA477DDABF2E}
		{F6746943-A99C-4D66-B872-EC4CD4B6B471} = {01A3BD78-76C7-4ED1-B5CC-EA477DDABF2E}
		{2B56E6DC-4F03-4892-B6C3-B40E29B97DD0} = {01A3BD78-76C7-4ED1-B5CC-EA477DDABF2E}
		{5689777D-2D0C-47B8-B266-992C65433539} = {369A7208-547C-4361-A545-1D69EFE457AC}
		{4E571BB2-BB32-4D46-BD85-B65D50A2D56B} = {369A7208-547C-4361-A545-1D69EFE457AC}
	EndGlobalSection
EndGlobal
